// !$*UTF8*$!
{
	archiveVersion = 1;
	classes = {
	};
	objectVersion = 46;
	objects = {
/* Begin PBXBuildFile section */
		0207DA581B56EA530066E2B4 /* Images.xcassets in Resources */ = {isa = PBXBuildFile; fileRef = 0207DA571B56EA530066E2B4 /* Images.xcassets */; };
		1D3623260D0F684500981E51 /* AppDelegate.m in Sources */ = {isa = PBXBuildFile; fileRef = 1D3623250D0F684500981E51 /* AppDelegate.m */; };
		1D60589B0D05DD56006BFB54 /* main.m in Sources */ = {isa = PBXBuildFile; fileRef = 29B97316FDCFA39411CA2CEA /* main.m */; };
		301BF552109A68D80062928A /* libCordova.a in Frameworks */ = {isa = PBXBuildFile; fileRef = 301BF535109A57CC0062928A /* libCordova.a */; };
		302D95F114D2391D003F00A1 /* MainViewController.m in Sources */ = {isa = PBXBuildFile; fileRef = 302D95EF14D2391D003F00A1 /* MainViewController.m */; };
		302D95F214D2391D003F00A1 /* MainViewController.xib in Resources */ = {isa = PBXBuildFile; fileRef = 302D95F014D2391D003F00A1 /* MainViewController.xib */; };
		3047A5121AB8059700498E2A /* build-debug.xcconfig in Resources */ = {isa = PBXBuildFile; fileRef = 3047A50F1AB8059700498E2A /* build-debug.xcconfig */; };
		3047A5131AB8059700498E2A /* build-release.xcconfig in Resources */ = {isa = PBXBuildFile; fileRef = 3047A5101AB8059700498E2A /* build-release.xcconfig */; };
		3047A5141AB8059700498E2A /* build.xcconfig in Resources */ = {isa = PBXBuildFile; fileRef = 3047A5111AB8059700498E2A /* build.xcconfig */; };
		4CBF42335CD54C2B908D52B5 /* CDVWKWebViewEngine.m in Sources */ = {isa = PBXBuildFile; fileRef = DB2E8757B139465AAB19D02E /* CDVWKWebViewEngine.m */; };
		5DA173456D314692AE8891E9 /* CDVWKWebViewUIDelegate.m in Sources */ = {isa = PBXBuildFile; fileRef = 1205FCE614624C8EB7646C4E /* CDVWKWebViewUIDelegate.m */; };
		6FB99D46AAC24A298C317864 /* WebKit.framework in Frameworks */ = {isa = PBXBuildFile; fileRef = EC7C1F4E568245E6A57DC080 /* WebKit.framework */; settings = {ATTRIBUTES = (Weak, ); }; };
		E42D10CF2F0349088966F78B /* WebAppLocalServer.swift in Sources */ = {isa = PBXBuildFile; fileRef = 042D12776198416CB85E0FF2 /* WebAppLocalServer.swift */; };
		9EC4F621A6504A0DBAE9CE73 /* WebAppConfiguration.swift in Sources */ = {isa = PBXBuildFile; fileRef = F68C374B22E747CD88249601 /* WebAppConfiguration.swift */; };
		FAEAE4CC3FAA456CA1A7AE8E /* AssetBundleManager.swift in Sources */ = {isa = PBXBuildFile; fileRef = 294FBCBD151D4F47A1164BFA /* AssetBundleManager.swift */; };
		BBE29FCBD18B43AA92379AD3 /* AssetBundle.swift in Sources */ = {isa = PBXBuildFile; fileRef = 3A67510E088246ED9E05F903 /* AssetBundle.swift */; };
		A919E4CA08084676957CE3D4 /* Asset.swift in Sources */ = {isa = PBXBuildFile; fileRef = 636D125E41A242E79DF2B3BE /* Asset.swift */; };
		23622DB5561E412995F186EC /* AssetBundleDownloader.swift in Sources */ = {isa = PBXBuildFile; fileRef = 19C0BB39459146E697F8219A /* AssetBundleDownloader.swift */; };
		E72D8395DAE04EC692D229E3 /* AssetManifest.swift in Sources */ = {isa = PBXBuildFile; fileRef = 1C1E2FB7062F414A81058CAC /* AssetManifest.swift */; };
		D35044B9205340148C3EB155 /* Errors.swift in Sources */ = {isa = PBXBuildFile; fileRef = CD3D2D6226F94956B0C72AAF /* Errors.swift */; };
		E4438C40B9DD46708FABF0E6 /* Utility.swift in Sources */ = {isa = PBXBuildFile; fileRef = B9E045234524482AA75BE3C7 /* Utility.swift */; };
		CF57B7484C5047DE98855C21 /* METPlugin.m in Sources */ = {isa = PBXBuildFile; fileRef = B6D3C858F5F148B395F07DEB /* METPlugin.m */; };
		2AD204FBA79C43C8A4AE4761 /* METTimer.m in Sources */ = {isa = PBXBuildFile; fileRef = C4CA72CFADE042C08F22073D /* METTimer.m */; };
		06DC13A040A843948450DDB2 /* METRetryStrategy.m in Sources */ = {isa = PBXBuildFile; fileRef = 22C23B2224E14CE0BC28AF90 /* METRetryStrategy.m */; };
		96D873BCC63243AE810C27A6 /* METNetworkReachabilityManager.m in Sources */ = {isa = PBXBuildFile; fileRef = EBB88603E0404D5DAF0495D8 /* METNetworkReachabilityManager.m */; };
		309C8B7A6E964758B3AA9C1C /* METRandomValueGenerator.m in Sources */ = {isa = PBXBuildFile; fileRef = 3E4B060BB26F4772AA71013A /* METRandomValueGenerator.m */; };
		CA43011EFAAC477BACBF151B /* GCDWebServer.m in Sources */ = {isa = PBXBuildFile; fileRef = 51C78DAB98DD446A9D6C4DD0 /* GCDWebServer.m */; };
		5AE62761A4D54827A2A43291 /* GCDWebServerConnection.m in Sources */ = {isa = PBXBuildFile; fileRef = DC63ACC3F3AC4CE49A4B9397 /* GCDWebServerConnection.m */; };
		58FF8E196587445FB33FD7A8 /* GCDWebServerFunctions.m in Sources */ = {isa = PBXBuildFile; fileRef = 25A9A2BF3436453B87896667 /* GCDWebServerFunctions.m */; };
		1098436A08E54126B866E8AD /* GCDWebServerRequest.m in Sources */ = {isa = PBXBuildFile; fileRef = 929FCF5789A84751B66150A6 /* GCDWebServerRequest.m */; };
		831E6AB4569844D7A2D99D24 /* GCDWebServerResponse.m in Sources */ = {isa = PBXBuildFile; fileRef = 5DA215F66189492880946D3C /* GCDWebServerResponse.m */; };
		5B5CBFEF62254E22BEB38D07 /* GCDWebServerDataRequest.m in Sources */ = {isa = PBXBuildFile; fileRef = 72F24DA4AB7C443E8071230B /* GCDWebServerDataRequest.m */; };
		91E8E6F4EB0148D98E98F10D /* GCDWebServerFileRequest.m in Sources */ = {isa = PBXBuildFile; fileRef = 845F2070D5E1457995897D72 /* GCDWebServerFileRequest.m */; };
		7A4E0FDA6270420C8BD49AA2 /* GCDWebServerMultiPartFormRequest.m in Sources */ = {isa = PBXBuildFile; fileRef = BE01F1705CF1492F9929DA69 /* GCDWebServerMultiPartFormRequest.m */; };
		A4B53FCF028B4EC9BB07E64D /* GCDWebServerURLEncodedFormRequest.m in Sources */ = {isa = PBXBuildFile; fileRef = 34F1C5B2AE404D43863E851B /* GCDWebServerURLEncodedFormRequest.m */; };
		877D9041E75B440E958BFF71 /* GCDWebServerDataResponse.m in Sources */ = {isa = PBXBuildFile; fileRef = 42C24BBDBF124E90BAE392C9 /* GCDWebServerDataResponse.m */; };
		02A0BADDB86C4D7EAAA07A51 /* GCDWebServerErrorResponse.m in Sources */ = {isa = PBXBuildFile; fileRef = 5F813AEABFA748E1B37CCBBC /* GCDWebServerErrorResponse.m */; };
		9A973DFE2B5447D38D5841AE /* GCDWebServerFileResponse.m in Sources */ = {isa = PBXBuildFile; fileRef = B8474FD8B999426CAF46A8AA /* GCDWebServerFileResponse.m */; };
		018739F6BA204124899E4A2A /* GCDWebServerStreamedResponse.m in Sources */ = {isa = PBXBuildFile; fileRef = 5C7737D2700A43C5B6A97895 /* GCDWebServerStreamedResponse.m */; };
		293F508939C1442D8C0A23C9 /* CFNetwork.framework in Frameworks */ = {isa = PBXBuildFile; fileRef = FA30B1B4DBBF4B0887C00756 /* CFNetwork.framework */; };
		0B188F149D5945D5AA18719D /* libz.dylib in Frameworks */ = {isa = PBXBuildFile; fileRef = 1000D475A0D54820B60DF0BB /* libz.dylib */; };
		1C1F67D2EAC940E5AC2C2AC5 /* CDVStatusBar.m in Sources */ = {isa = PBXBuildFile; fileRef = D8E9041F8E7F44928CD8ED93 /* CDVStatusBar.m */; };
		602C38A5ADD747069A345A6E /* CDVSplashScreen.m in Sources */ = {isa = PBXBuildFile; fileRef = 9C94F6769A904512B22D57C9 /* CDVSplashScreen.m */; };
		C8E5A871008B4EE3B6C6F760 /* CDVViewController+SplashScreen.m in Sources */ = {isa = PBXBuildFile; fileRef = D968CAAEB8D24E1A8A05B1FD /* CDVViewController+SplashScreen.m */; };
/* End PBXBuildFile section */

/* Begin PBXContainerItemProxy section */
		301BF534109A57CC0062928A /* PBXContainerItemProxy */ = {
			isa = PBXContainerItemProxy;
			containerPortal = 301BF52D109A57CC0062928A /* CordovaLib.xcodeproj */;
			proxyType = 2;
			remoteGlobalIDString = D2AAC07E0554694100DB518D;
			remoteInfo = CordovaLib;
		};
		301BF550109A68C00062928A /* PBXContainerItemProxy */ = {
			isa = PBXContainerItemProxy;
			containerPortal = 301BF52D109A57CC0062928A /* CordovaLib.xcodeproj */;
			proxyType = 1;
			remoteGlobalIDString = D2AAC07D0554694100DB518D;
			remoteInfo = CordovaLib;
		};
/* End PBXContainerItemProxy section */

/* Begin PBXFileReference section */
		0207DA571B56EA530066E2B4 /* Images.xcassets */ = {isa = PBXFileReference; lastKnownFileType = folder.assetcatalog; name = Images.xcassets; path = "Brimstone/Images.xcassets"; sourceTree = SOURCE_ROOT; };
		1D3623240D0F684500981E51 /* AppDelegate.h */ = {isa = PBXFileReference; fileEncoding = 4; lastKnownFileType = sourcecode.c.h; path = AppDelegate.h; sourceTree = "<group>"; };
		1D3623250D0F684500981E51 /* AppDelegate.m */ = {isa = PBXFileReference; fileEncoding = 4; lastKnownFileType = sourcecode.c.objc; path = AppDelegate.m; sourceTree = "<group>"; };
		1D6058910D05DD3D006BFB54 /* Brimstone.app */ = {isa = PBXFileReference; explicitFileType = wrapper.application; includeInIndex = 0; path = "Brimstone.app"; sourceTree = BUILT_PRODUCTS_DIR; };
		29B97316FDCFA39411CA2CEA /* main.m */ = {isa = PBXFileReference; fileEncoding = 4; lastKnownFileType = sourcecode.c.objc; path = main.m; sourceTree = "<group>"; };
		301BF52D109A57CC0062928A /* CordovaLib.xcodeproj */ = {isa = PBXFileReference; lastKnownFileType = "wrapper.pb-project"; name = CordovaLib.xcodeproj; path = CordovaLib/CordovaLib.xcodeproj; sourceTree = "<group>"; };
		301BF56E109A69640062928A /* www */ = {isa = PBXFileReference; lastKnownFileType = folder; path = www; sourceTree = SOURCE_ROOT; };
		302D95EE14D2391D003F00A1 /* MainViewController.h */ = {isa = PBXFileReference; fileEncoding = 4; lastKnownFileType = sourcecode.c.h; path = MainViewController.h; sourceTree = "<group>"; };
		302D95EF14D2391D003F00A1 /* MainViewController.m */ = {isa = PBXFileReference; fileEncoding = 4; lastKnownFileType = sourcecode.c.objc; path = MainViewController.m; sourceTree = "<group>"; };
		302D95F014D2391D003F00A1 /* MainViewController.xib */ = {isa = PBXFileReference; fileEncoding = 4; lastKnownFileType = file.xib; path = MainViewController.xib; sourceTree = "<group>"; };
		3047A50F1AB8059700498E2A /* build-debug.xcconfig */ = {isa = PBXFileReference; fileEncoding = 4; lastKnownFileType = text.xcconfig; name = "build-debug.xcconfig"; path = cordova/build-debug.xcconfig; sourceTree = SOURCE_ROOT; };
		3047A5101AB8059700498E2A /* build-release.xcconfig */ = {isa = PBXFileReference; fileEncoding = 4; lastKnownFileType = text.xcconfig; name = "build-release.xcconfig"; path = cordova/build-release.xcconfig; sourceTree = SOURCE_ROOT; };
		3047A5111AB8059700498E2A /* build.xcconfig */ = {isa = PBXFileReference; fileEncoding = 4; lastKnownFileType = text.xcconfig; name = build.xcconfig; path = cordova/build.xcconfig; sourceTree = SOURCE_ROOT; };
		32CA4F630368D1EE00C91783 /* Brimstone-Prefix.pch */ = {isa = PBXFileReference; fileEncoding = 4; lastKnownFileType = sourcecode.c.h; path = "Brimstone-Prefix.pch"; sourceTree = "<group>"; };
		8D1107310486CEB800E47090 /* Brimstone-Info.plist */ = {isa = PBXFileReference; fileEncoding = 4; lastKnownFileType = text.plist.xml; name = "Brimstone-Info.plist"; path = "Brimstone/Brimstone-Info.plist"; plistStructureDefinitionIdentifier = "com.apple.xcode.plist.structure-definition.iphone.info-plist"; sourceTree = SOURCE_ROOT; };
		EB87FDF31871DA8E0020F90C /* www */ = {isa = PBXFileReference; lastKnownFileType = folder; name = www; path = ../../www; sourceTree = "<group>"; };
		EB87FDF41871DAF40020F90C /* config.xml */ = {isa = PBXFileReference; lastKnownFileType = text.xml; name = config.xml; path = ../../config.xml; sourceTree = "<group>"; };
		F840E1F0165FE0F500CFE078 /* config.xml */ = {isa = PBXFileReference; lastKnownFileType = text.xml; name = config.xml; path = "Brimstone/config.xml"; sourceTree = "<group>"; };
		ED33DF2A687741AEAF9F8254 /* Bridging-Header.h */ = {isa = PBXFileReference; fileEncoding = 4; lastKnownFileType = sourcecode.c.h; name = "Bridging-Header.h"; path = "Bridging-Header.h"; sourceTree = "<group>"; };
		DB2E8757B139465AAB19D02E /* CDVWKWebViewEngine.m */ = {isa = PBXFileReference; name = "CDVWKWebViewEngine.m"; path = "cordova-plugin-wkwebview-engine/CDVWKWebViewEngine.m"; sourceTree = "<group>"; fileEncoding = 4; lastKnownFileType = sourcecode.c.objc; explicitFileType = undefined; includeInIndex = 0; };
		1205FCE614624C8EB7646C4E /* CDVWKWebViewUIDelegate.m */ = {isa = PBXFileReference; name = "CDVWKWebViewUIDelegate.m"; path = "cordova-plugin-wkwebview-engine/CDVWKWebViewUIDelegate.m"; sourceTree = "<group>"; fileEncoding = 4; lastKnownFileType = sourcecode.c.objc; explicitFileType = undefined; includeInIndex = 0; };
		EE9BB715B6914B5C80DBA03A /* CDVWKWebViewEngine.h */ = {isa = PBXFileReference; name = "CDVWKWebViewEngine.h"; path = "cordova-plugin-wkwebview-engine/CDVWKWebViewEngine.h"; sourceTree = "<group>"; fileEncoding = 4; lastKnownFileType = sourcecode.c.h; explicitFileType = undefined; includeInIndex = 0; };
		347693B7D38D447989B91755 /* CDVWKWebViewUIDelegate.h */ = {isa = PBXFileReference; name = "CDVWKWebViewUIDelegate.h"; path = "cordova-plugin-wkwebview-engine/CDVWKWebViewUIDelegate.h"; sourceTree = "<group>"; fileEncoding = 4; lastKnownFileType = sourcecode.c.h; explicitFileType = undefined; includeInIndex = 0; };
		EC7C1F4E568245E6A57DC080 /* WebKit.framework */ = {isa = PBXFileReference; name = "WebKit.framework"; path = "System/Library/Frameworks/WebKit.framework"; sourceTree = SDKROOT; fileEncoding = undefined; lastKnownFileType = wrapper.framework; explicitFileType = undefined; includeInIndex = 0; };
		042D12776198416CB85E0FF2 /* WebAppLocalServer.swift */ = {isa = PBXFileReference; name = "WebAppLocalServer.swift"; path = "cordova-plugin-meteor-webapp/WebAppLocalServer.swift"; sourceTree = "<group>"; fileEncoding = 4; lastKnownFileType = sourcecode.swift; explicitFileType = undefined; includeInIndex = 0; };
		F68C374B22E747CD88249601 /* WebAppConfiguration.swift */ = {isa = PBXFileReference; name = "WebAppConfiguration.swift"; path = "cordova-plugin-meteor-webapp/WebAppConfiguration.swift"; sourceTree = "<group>"; fileEncoding = 4; lastKnownFileType = sourcecode.swift; explicitFileType = undefined; includeInIndex = 0; };
		294FBCBD151D4F47A1164BFA /* AssetBundleManager.swift */ = {isa = PBXFileReference; name = "AssetBundleManager.swift"; path = "cordova-plugin-meteor-webapp/AssetBundleManager.swift"; sourceTree = "<group>"; fileEncoding = 4; lastKnownFileType = sourcecode.swift; explicitFileType = undefined; includeInIndex = 0; };
		3A67510E088246ED9E05F903 /* AssetBundle.swift */ = {isa = PBXFileReference; name = "AssetBundle.swift"; path = "cordova-plugin-meteor-webapp/AssetBundle.swift"; sourceTree = "<group>"; fileEncoding = 4; lastKnownFileType = sourcecode.swift; explicitFileType = undefined; includeInIndex = 0; };
		636D125E41A242E79DF2B3BE /* Asset.swift */ = {isa = PBXFileReference; name = "Asset.swift"; path = "cordova-plugin-meteor-webapp/Asset.swift"; sourceTree = "<group>"; fileEncoding = 4; lastKnownFileType = sourcecode.swift; explicitFileType = undefined; includeInIndex = 0; };
		19C0BB39459146E697F8219A /* AssetBundleDownloader.swift */ = {isa = PBXFileReference; name = "AssetBundleDownloader.swift"; path = "cordova-plugin-meteor-webapp/AssetBundleDownloader.swift"; sourceTree = "<group>"; fileEncoding = 4; lastKnownFileType = sourcecode.swift; explicitFileType = undefined; includeInIndex = 0; };
		1C1E2FB7062F414A81058CAC /* AssetManifest.swift */ = {isa = PBXFileReference; name = "AssetManifest.swift"; path = "cordova-plugin-meteor-webapp/AssetManifest.swift"; sourceTree = "<group>"; fileEncoding = 4; lastKnownFileType = sourcecode.swift; explicitFileType = undefined; includeInIndex = 0; };
		CD3D2D6226F94956B0C72AAF /* Errors.swift */ = {isa = PBXFileReference; name = "Errors.swift"; path = "cordova-plugin-meteor-webapp/Errors.swift"; sourceTree = "<group>"; fileEncoding = 4; lastKnownFileType = sourcecode.swift; explicitFileType = undefined; includeInIndex = 0; };
		B9E045234524482AA75BE3C7 /* Utility.swift */ = {isa = PBXFileReference; name = "Utility.swift"; path = "cordova-plugin-meteor-webapp/Utility.swift"; sourceTree = "<group>"; fileEncoding = 4; lastKnownFileType = sourcecode.swift; explicitFileType = undefined; includeInIndex = 0; };
		B6D3C858F5F148B395F07DEB /* METPlugin.m */ = {isa = PBXFileReference; name = "METPlugin.m"; path = "cordova-plugin-meteor-webapp/METPlugin.m"; sourceTree = "<group>"; fileEncoding = 4; lastKnownFileType = sourcecode.c.objc; explicitFileType = undefined; includeInIndex = 0; };
		C4CA72CFADE042C08F22073D /* METTimer.m */ = {isa = PBXFileReference; name = "METTimer.m"; path = "cordova-plugin-meteor-webapp/METTimer.m"; sourceTree = "<group>"; fileEncoding = 4; lastKnownFileType = sourcecode.c.objc; explicitFileType = undefined; includeInIndex = 0; };
		22C23B2224E14CE0BC28AF90 /* METRetryStrategy.m */ = {isa = PBXFileReference; name = "METRetryStrategy.m"; path = "cordova-plugin-meteor-webapp/METRetryStrategy.m"; sourceTree = "<group>"; fileEncoding = 4; lastKnownFileType = sourcecode.c.objc; explicitFileType = undefined; includeInIndex = 0; };
		EBB88603E0404D5DAF0495D8 /* METNetworkReachabilityManager.m */ = {isa = PBXFileReference; name = "METNetworkReachabilityManager.m"; path = "cordova-plugin-meteor-webapp/METNetworkReachabilityManager.m"; sourceTree = "<group>"; fileEncoding = 4; lastKnownFileType = sourcecode.c.objc; explicitFileType = undefined; includeInIndex = 0; };
		3E4B060BB26F4772AA71013A /* METRandomValueGenerator.m */ = {isa = PBXFileReference; name = "METRandomValueGenerator.m"; path = "cordova-plugin-meteor-webapp/METRandomValueGenerator.m"; sourceTree = "<group>"; fileEncoding = 4; lastKnownFileType = sourcecode.c.objc; explicitFileType = undefined; includeInIndex = 0; };
		51C78DAB98DD446A9D6C4DD0 /* GCDWebServer.m */ = {isa = PBXFileReference; name = "GCDWebServer.m"; path = "cordova-plugin-meteor-webapp/GCDWebServer.m"; sourceTree = "<group>"; fileEncoding = 4; lastKnownFileType = sourcecode.c.objc; explicitFileType = undefined; includeInIndex = 0; };
		DC63ACC3F3AC4CE49A4B9397 /* GCDWebServerConnection.m */ = {isa = PBXFileReference; name = "GCDWebServerConnection.m"; path = "cordova-plugin-meteor-webapp/GCDWebServerConnection.m"; sourceTree = "<group>"; fileEncoding = 4; lastKnownFileType = sourcecode.c.objc; explicitFileType = undefined; includeInIndex = 0; };
		25A9A2BF3436453B87896667 /* GCDWebServerFunctions.m */ = {isa = PBXFileReference; name = "GCDWebServerFunctions.m"; path = "cordova-plugin-meteor-webapp/GCDWebServerFunctions.m"; sourceTree = "<group>"; fileEncoding = 4; lastKnownFileType = sourcecode.c.objc; explicitFileType = undefined; includeInIndex = 0; };
		929FCF5789A84751B66150A6 /* GCDWebServerRequest.m */ = {isa = PBXFileReference; name = "GCDWebServerRequest.m"; path = "cordova-plugin-meteor-webapp/GCDWebServerRequest.m"; sourceTree = "<group>"; fileEncoding = 4; lastKnownFileType = sourcecode.c.objc; explicitFileType = undefined; includeInIndex = 0; };
		5DA215F66189492880946D3C /* GCDWebServerResponse.m */ = {isa = PBXFileReference; name = "GCDWebServerResponse.m"; path = "cordova-plugin-meteor-webapp/GCDWebServerResponse.m"; sourceTree = "<group>"; fileEncoding = 4; lastKnownFileType = sourcecode.c.objc; explicitFileType = undefined; includeInIndex = 0; };
		72F24DA4AB7C443E8071230B /* GCDWebServerDataRequest.m */ = {isa = PBXFileReference; name = "GCDWebServerDataRequest.m"; path = "cordova-plugin-meteor-webapp/GCDWebServerDataRequest.m"; sourceTree = "<group>"; fileEncoding = 4; lastKnownFileType = sourcecode.c.objc; explicitFileType = undefined; includeInIndex = 0; };
		845F2070D5E1457995897D72 /* GCDWebServerFileRequest.m */ = {isa = PBXFileReference; name = "GCDWebServerFileRequest.m"; path = "cordova-plugin-meteor-webapp/GCDWebServerFileRequest.m"; sourceTree = "<group>"; fileEncoding = 4; lastKnownFileType = sourcecode.c.objc; explicitFileType = undefined; includeInIndex = 0; };
		BE01F1705CF1492F9929DA69 /* GCDWebServerMultiPartFormRequest.m */ = {isa = PBXFileReference; name = "GCDWebServerMultiPartFormRequest.m"; path = "cordova-plugin-meteor-webapp/GCDWebServerMultiPartFormRequest.m"; sourceTree = "<group>"; fileEncoding = 4; lastKnownFileType = sourcecode.c.objc; explicitFileType = undefined; includeInIndex = 0; };
		34F1C5B2AE404D43863E851B /* GCDWebServerURLEncodedFormRequest.m */ = {isa = PBXFileReference; name = "GCDWebServerURLEncodedFormRequest.m"; path = "cordova-plugin-meteor-webapp/GCDWebServerURLEncodedFormRequest.m"; sourceTree = "<group>"; fileEncoding = 4; lastKnownFileType = sourcecode.c.objc; explicitFileType = undefined; includeInIndex = 0; };
		42C24BBDBF124E90BAE392C9 /* GCDWebServerDataResponse.m */ = {isa = PBXFileReference; name = "GCDWebServerDataResponse.m"; path = "cordova-plugin-meteor-webapp/GCDWebServerDataResponse.m"; sourceTree = "<group>"; fileEncoding = 4; lastKnownFileType = sourcecode.c.objc; explicitFileType = undefined; includeInIndex = 0; };
		5F813AEABFA748E1B37CCBBC /* GCDWebServerErrorResponse.m */ = {isa = PBXFileReference; name = "GCDWebServerErrorResponse.m"; path = "cordova-plugin-meteor-webapp/GCDWebServerErrorResponse.m"; sourceTree = "<group>"; fileEncoding = 4; lastKnownFileType = sourcecode.c.objc; explicitFileType = undefined; includeInIndex = 0; };
		B8474FD8B999426CAF46A8AA /* GCDWebServerFileResponse.m */ = {isa = PBXFileReference; name = "GCDWebServerFileResponse.m"; path = "cordova-plugin-meteor-webapp/GCDWebServerFileResponse.m"; sourceTree = "<group>"; fileEncoding = 4; lastKnownFileType = sourcecode.c.objc; explicitFileType = undefined; includeInIndex = 0; };
		5C7737D2700A43C5B6A97895 /* GCDWebServerStreamedResponse.m */ = {isa = PBXFileReference; name = "GCDWebServerStreamedResponse.m"; path = "cordova-plugin-meteor-webapp/GCDWebServerStreamedResponse.m"; sourceTree = "<group>"; fileEncoding = 4; lastKnownFileType = sourcecode.c.objc; explicitFileType = undefined; includeInIndex = 0; };
		B7AAE2C027B84F3CA754494E /* cordova-plugin-meteor-webapp-Bridging-Header.h */ = {isa = PBXFileReference; name = "cordova-plugin-meteor-webapp-Bridging-Header.h"; path = "cordova-plugin-meteor-webapp/cordova-plugin-meteor-webapp-Bridging-Header.h"; sourceTree = "<group>"; fileEncoding = 4; lastKnownFileType = sourcecode.c.h; explicitFileType = undefined; includeInIndex = 0; };
		DC1853C31DB544D39C559342 /* METPlugin.h */ = {isa = PBXFileReference; name = "METPlugin.h"; path = "cordova-plugin-meteor-webapp/METPlugin.h"; sourceTree = "<group>"; fileEncoding = 4; lastKnownFileType = sourcecode.c.h; explicitFileType = undefined; includeInIndex = 0; };
		680486C8AC794B6E9C70D811 /* METTimer.h */ = {isa = PBXFileReference; name = "METTimer.h"; path = "cordova-plugin-meteor-webapp/METTimer.h"; sourceTree = "<group>"; fileEncoding = 4; lastKnownFileType = sourcecode.c.h; explicitFileType = undefined; includeInIndex = 0; };
		BDDBFE01DDDD4C54BE72C523 /* METRetryStrategy.h */ = {isa = PBXFileReference; name = "METRetryStrategy.h"; path = "cordova-plugin-meteor-webapp/METRetryStrategy.h"; sourceTree = "<group>"; fileEncoding = 4; lastKnownFileType = sourcecode.c.h; explicitFileType = undefined; includeInIndex = 0; };
		AAF05B260C124C15A6981BBA /* METNetworkReachabilityManager.h */ = {isa = PBXFileReference; name = "METNetworkReachabilityManager.h"; path = "cordova-plugin-meteor-webapp/METNetworkReachabilityManager.h"; sourceTree = "<group>"; fileEncoding = 4; lastKnownFileType = sourcecode.c.h; explicitFileType = undefined; includeInIndex = 0; };
		E3782615F08643348E724619 /* METRandomValueGenerator.h */ = {isa = PBXFileReference; name = "METRandomValueGenerator.h"; path = "cordova-plugin-meteor-webapp/METRandomValueGenerator.h"; sourceTree = "<group>"; fileEncoding = 4; lastKnownFileType = sourcecode.c.h; explicitFileType = undefined; includeInIndex = 0; };
		390CDED6A7724172933CEDB7 /* GCDWebServer.h */ = {isa = PBXFileReference; name = "GCDWebServer.h"; path = "cordova-plugin-meteor-webapp/GCDWebServer.h"; sourceTree = "<group>"; fileEncoding = 4; lastKnownFileType = sourcecode.c.h; explicitFileType = undefined; includeInIndex = 0; };
		6BDDA928BAA3441EBFE7BBA7 /* GCDWebServerConnection.h */ = {isa = PBXFileReference; name = "GCDWebServerConnection.h"; path = "cordova-plugin-meteor-webapp/GCDWebServerConnection.h"; sourceTree = "<group>"; fileEncoding = 4; lastKnownFileType = sourcecode.c.h; explicitFileType = undefined; includeInIndex = 0; };
		80219391E2DB4226B53C1191 /* GCDWebServerFunctions.h */ = {isa = PBXFileReference; name = "GCDWebServerFunctions.h"; path = "cordova-plugin-meteor-webapp/GCDWebServerFunctions.h"; sourceTree = "<group>"; fileEncoding = 4; lastKnownFileType = sourcecode.c.h; explicitFileType = undefined; includeInIndex = 0; };
		7ADCBAFF280C4EC6976F4CDD /* GCDWebServerHTTPStatusCodes.h */ = {isa = PBXFileReference; name = "GCDWebServerHTTPStatusCodes.h"; path = "cordova-plugin-meteor-webapp/GCDWebServerHTTPStatusCodes.h"; sourceTree = "<group>"; fileEncoding = 4; lastKnownFileType = sourcecode.c.h; explicitFileType = undefined; includeInIndex = 0; };
		3B14C161B1924257A837699E /* GCDWebServerPrivate.h */ = {isa = PBXFileReference; name = "GCDWebServerPrivate.h"; path = "cordova-plugin-meteor-webapp/GCDWebServerPrivate.h"; sourceTree = "<group>"; fileEncoding = 4; lastKnownFileType = sourcecode.c.h; explicitFileType = undefined; includeInIndex = 0; };
		908DD23649BB4B85940A7545 /* GCDWebServerRequest.h */ = {isa = PBXFileReference; name = "GCDWebServerRequest.h"; path = "cordova-plugin-meteor-webapp/GCDWebServerRequest.h"; sourceTree = "<group>"; fileEncoding = 4; lastKnownFileType = sourcecode.c.h; explicitFileType = undefined; includeInIndex = 0; };
		AF3E54D5D425464AA02C0A78 /* GCDWebServerResponse.h */ = {isa = PBXFileReference; name = "GCDWebServerResponse.h"; path = "cordova-plugin-meteor-webapp/GCDWebServerResponse.h"; sourceTree = "<group>"; fileEncoding = 4; lastKnownFileType = sourcecode.c.h; explicitFileType = undefined; includeInIndex = 0; };
		BA03B9801EDA4593B32A0A69 /* GCDWebServerDataRequest.h */ = {isa = PBXFileReference; name = "GCDWebServerDataRequest.h"; path = "cordova-plugin-meteor-webapp/GCDWebServerDataRequest.h"; sourceTree = "<group>"; fileEncoding = 4; lastKnownFileType = sourcecode.c.h; explicitFileType = undefined; includeInIndex = 0; };
		3780B230DF284673B46BE052 /* GCDWebServerFileRequest.h */ = {isa = PBXFileReference; name = "GCDWebServerFileRequest.h"; path = "cordova-plugin-meteor-webapp/GCDWebServerFileRequest.h"; sourceTree = "<group>"; fileEncoding = 4; lastKnownFileType = sourcecode.c.h; explicitFileType = undefined; includeInIndex = 0; };
		FCD49594C33E4DC3BC788A66 /* GCDWebServerMultiPartFormRequest.h */ = {isa = PBXFileReference; name = "GCDWebServerMultiPartFormRequest.h"; path = "cordova-plugin-meteor-webapp/GCDWebServerMultiPartFormRequest.h"; sourceTree = "<group>"; fileEncoding = 4; lastKnownFileType = sourcecode.c.h; explicitFileType = undefined; includeInIndex = 0; };
		DA63C341EDD34399B132794D /* GCDWebServerURLEncodedFormRequest.h */ = {isa = PBXFileReference; name = "GCDWebServerURLEncodedFormRequest.h"; path = "cordova-plugin-meteor-webapp/GCDWebServerURLEncodedFormRequest.h"; sourceTree = "<group>"; fileEncoding = 4; lastKnownFileType = sourcecode.c.h; explicitFileType = undefined; includeInIndex = 0; };
		CCF7DB36FBF94CACB510EB31 /* GCDWebServerDataResponse.h */ = {isa = PBXFileReference; name = "GCDWebServerDataResponse.h"; path = "cordova-plugin-meteor-webapp/GCDWebServerDataResponse.h"; sourceTree = "<group>"; fileEncoding = 4; lastKnownFileType = sourcecode.c.h; explicitFileType = undefined; includeInIndex = 0; };
		C98E4244DF804A33972B8CCB /* GCDWebServerErrorResponse.h */ = {isa = PBXFileReference; name = "GCDWebServerErrorResponse.h"; path = "cordova-plugin-meteor-webapp/GCDWebServerErrorResponse.h"; sourceTree = "<group>"; fileEncoding = 4; lastKnownFileType = sourcecode.c.h; explicitFileType = undefined; includeInIndex = 0; };
		CB21A54FCB1E431F8E77882B /* GCDWebServerFileResponse.h */ = {isa = PBXFileReference; name = "GCDWebServerFileResponse.h"; path = "cordova-plugin-meteor-webapp/GCDWebServerFileResponse.h"; sourceTree = "<group>"; fileEncoding = 4; lastKnownFileType = sourcecode.c.h; explicitFileType = undefined; includeInIndex = 0; };
		01958105294E442CB6791C42 /* GCDWebServerStreamedResponse.h */ = {isa = PBXFileReference; name = "GCDWebServerStreamedResponse.h"; path = "cordova-plugin-meteor-webapp/GCDWebServerStreamedResponse.h"; sourceTree = "<group>"; fileEncoding = 4; lastKnownFileType = sourcecode.c.h; explicitFileType = undefined; includeInIndex = 0; };
		FA30B1B4DBBF4B0887C00756 /* CFNetwork.framework */ = {isa = PBXFileReference; name = "CFNetwork.framework"; path = "System/Library/Frameworks/CFNetwork.framework"; sourceTree = SDKROOT; fileEncoding = undefined; lastKnownFileType = wrapper.framework; explicitFileType = undefined; includeInIndex = 0; };
		1000D475A0D54820B60DF0BB /* libz.dylib */ = {isa = PBXFileReference; name = "libz.dylib"; path = "usr/lib/libz.dylib"; sourceTree = SDKROOT; fileEncoding = undefined; lastKnownFileType = compiled.mach-o.dylib; explicitFileType = undefined; includeInIndex = 0; };
		D8E9041F8E7F44928CD8ED93 /* CDVStatusBar.m */ = {isa = PBXFileReference; name = "CDVStatusBar.m"; path = "cordova-plugin-statusbar/CDVStatusBar.m"; sourceTree = "<group>"; fileEncoding = 4; lastKnownFileType = sourcecode.c.objc; explicitFileType = undefined; includeInIndex = 0; };
		A284D6C35E094E1FBF568C71 /* CDVStatusBar.h */ = {isa = PBXFileReference; name = "CDVStatusBar.h"; path = "cordova-plugin-statusbar/CDVStatusBar.h"; sourceTree = "<group>"; fileEncoding = 4; lastKnownFileType = sourcecode.c.h; explicitFileType = undefined; includeInIndex = 0; };
		9C94F6769A904512B22D57C9 /* CDVSplashScreen.m */ = {isa = PBXFileReference; name = "CDVSplashScreen.m"; path = "cordova-plugin-splashscreen/CDVSplashScreen.m"; sourceTree = "<group>"; fileEncoding = 4; lastKnownFileType = sourcecode.c.objc; explicitFileType = undefined; includeInIndex = 0; };
		D968CAAEB8D24E1A8A05B1FD /* CDVViewController+SplashScreen.m */ = {isa = PBXFileReference; name = "CDVViewController+SplashScreen.m"; path = "cordova-plugin-splashscreen/CDVViewController+SplashScreen.m"; sourceTree = "<group>"; fileEncoding = 4; lastKnownFileType = sourcecode.c.objc; explicitFileType = undefined; includeInIndex = 0; };
		A384002B119141AB8F3B4A37 /* CDVSplashScreen.h */ = {isa = PBXFileReference; name = "CDVSplashScreen.h"; path = "cordova-plugin-splashscreen/CDVSplashScreen.h"; sourceTree = "<group>"; fileEncoding = 4; lastKnownFileType = sourcecode.c.h; explicitFileType = undefined; includeInIndex = 0; };
		EDC585B9ED754C7EB87F2180 /* CDVViewController+SplashScreen.h */ = {isa = PBXFileReference; name = "CDVViewController+SplashScreen.h"; path = "cordova-plugin-splashscreen/CDVViewController+SplashScreen.h"; sourceTree = "<group>"; fileEncoding = 4; lastKnownFileType = sourcecode.c.h; explicitFileType = undefined; includeInIndex = 0; };
/* End PBXFileReference section */

/* Begin PBXFrameworksBuildPhase section */
		1D60588F0D05DD3D006BFB54 /* Frameworks */ = {
			isa = PBXFrameworksBuildPhase;
			buildActionMask = 2147483647;
			files = (
				301BF552109A68D80062928A /* libCordova.a in Frameworks */,
				6FB99D46AAC24A298C317864 /* WebKit.framework in Frameworks */,
				293F508939C1442D8C0A23C9 /* CFNetwork.framework in Frameworks */,
				0B188F149D5945D5AA18719D /* libz.dylib in Frameworks */,
			);
			runOnlyForDeploymentPostprocessing = 0;
		};
/* End PBXFrameworksBuildPhase section */

/* Begin PBXGroup section */
		080E96DDFE201D6D7F000001 /* Classes */ = {
			isa = PBXGroup;
			children = (
				302D95EE14D2391D003F00A1 /* MainViewController.h */,
				302D95EF14D2391D003F00A1 /* MainViewController.m */,
				302D95F014D2391D003F00A1 /* MainViewController.xib */,
				1D3623240D0F684500981E51 /* AppDelegate.h */,
				1D3623250D0F684500981E51 /* AppDelegate.m */,
			);
			name = Classes;
			path = "Brimstone/Classes";
			sourceTree = SOURCE_ROOT;
		};
		19C28FACFE9D520D11CA2CBB /* Products */ = {
			isa = PBXGroup;
			children = (
				1D6058910D05DD3D006BFB54 /* Brimstone.app */,
			);
			name = Products;
			sourceTree = "<group>";
		};
		29B97314FDCFA39411CA2CEA /* CustomTemplate */ = {
			isa = PBXGroup;
			children = (
				EB87FDF41871DAF40020F90C /* config.xml */,
				EB87FDF31871DA8E0020F90C /* www */,
				EB87FDF11871DA420020F90C /* Staging */,
				301BF52D109A57CC0062928A /* CordovaLib.xcodeproj */,
				080E96DDFE201D6D7F000001 /* Classes */,
				307C750510C5A3420062BCA9 /* Plugins */,
				29B97315FDCFA39411CA2CEA /* Other Sources */,
				29B97317FDCFA39411CA2CEA /* Resources */,
				29B97323FDCFA39411CA2CEA /* Frameworks */,
				19C28FACFE9D520D11CA2CBB /* Products */,
			);
			name = CustomTemplate;
			sourceTree = "<group>";
		};
		29B97315FDCFA39411CA2CEA /* Other Sources */ = {
			isa = PBXGroup;
			children = (
				32CA4F630368D1EE00C91783 /* Brimstone-Prefix.pch */,
				29B97316FDCFA39411CA2CEA /* main.m */,
				ED33DF2A687741AEAF9F8254 /* Bridging-Header.h */,
			);
			name = "Other Sources";
			path = "Brimstone";
			sourceTree = "<group>";
		};
		29B97317FDCFA39411CA2CEA /* Resources */ = {
			isa = PBXGroup;
			children = (
				0207DA571B56EA530066E2B4 /* Images.xcassets */,
				3047A50E1AB8057F00498E2A /* config */,
				8D1107310486CEB800E47090 /* Brimstone-Info.plist */,
			);
			name = Resources;
			path = "Brimstone/Resources";
			sourceTree = "<group>";
		};
		29B97323FDCFA39411CA2CEA /* Frameworks */ = {
			isa = PBXGroup;
			children = (
				EC7C1F4E568245E6A57DC080 /* WebKit.framework */,
				FA30B1B4DBBF4B0887C00756 /* CFNetwork.framework */,
				1000D475A0D54820B60DF0BB /* libz.dylib */,
			);
			name = Frameworks;
			sourceTree = "<group>";
		};
		301BF52E109A57CC0062928A /* Products */ = {
			isa = PBXGroup;
			children = (
				301BF535109A57CC0062928A /* libCordova.a */,
			);
			name = Products;
			sourceTree = "<group>";
		};
		3047A50E1AB8057F00498E2A /* config */ = {
			isa = PBXGroup;
			children = (
				3047A50F1AB8059700498E2A /* build-debug.xcconfig */,
				3047A5101AB8059700498E2A /* build-release.xcconfig */,
				3047A5111AB8059700498E2A /* build.xcconfig */,
			);
			name = config;
			sourceTree = "<group>";
		};
		307C750510C5A3420062BCA9 /* Plugins */ = {
			isa = PBXGroup;
			children = (
				DB2E8757B139465AAB19D02E /* CDVWKWebViewEngine.m */,
				1205FCE614624C8EB7646C4E /* CDVWKWebViewUIDelegate.m */,
				EE9BB715B6914B5C80DBA03A /* CDVWKWebViewEngine.h */,
				347693B7D38D447989B91755 /* CDVWKWebViewUIDelegate.h */,
				042D12776198416CB85E0FF2 /* WebAppLocalServer.swift */,
				F68C374B22E747CD88249601 /* WebAppConfiguration.swift */,
				294FBCBD151D4F47A1164BFA /* AssetBundleManager.swift */,
				3A67510E088246ED9E05F903 /* AssetBundle.swift */,
				636D125E41A242E79DF2B3BE /* Asset.swift */,
				19C0BB39459146E697F8219A /* AssetBundleDownloader.swift */,
				1C1E2FB7062F414A81058CAC /* AssetManifest.swift */,
				CD3D2D6226F94956B0C72AAF /* Errors.swift */,
				B9E045234524482AA75BE3C7 /* Utility.swift */,
				B6D3C858F5F148B395F07DEB /* METPlugin.m */,
				C4CA72CFADE042C08F22073D /* METTimer.m */,
				22C23B2224E14CE0BC28AF90 /* METRetryStrategy.m */,
				EBB88603E0404D5DAF0495D8 /* METNetworkReachabilityManager.m */,
				3E4B060BB26F4772AA71013A /* METRandomValueGenerator.m */,
				51C78DAB98DD446A9D6C4DD0 /* GCDWebServer.m */,
				DC63ACC3F3AC4CE49A4B9397 /* GCDWebServerConnection.m */,
				25A9A2BF3436453B87896667 /* GCDWebServerFunctions.m */,
				929FCF5789A84751B66150A6 /* GCDWebServerRequest.m */,
				5DA215F66189492880946D3C /* GCDWebServerResponse.m */,
				72F24DA4AB7C443E8071230B /* GCDWebServerDataRequest.m */,
				845F2070D5E1457995897D72 /* GCDWebServerFileRequest.m */,
				BE01F1705CF1492F9929DA69 /* GCDWebServerMultiPartFormRequest.m */,
				34F1C5B2AE404D43863E851B /* GCDWebServerURLEncodedFormRequest.m */,
				42C24BBDBF124E90BAE392C9 /* GCDWebServerDataResponse.m */,
				5F813AEABFA748E1B37CCBBC /* GCDWebServerErrorResponse.m */,
				B8474FD8B999426CAF46A8AA /* GCDWebServerFileResponse.m */,
				5C7737D2700A43C5B6A97895 /* GCDWebServerStreamedResponse.m */,
				B7AAE2C027B84F3CA754494E /* cordova-plugin-meteor-webapp-Bridging-Header.h */,
				DC1853C31DB544D39C559342 /* METPlugin.h */,
				680486C8AC794B6E9C70D811 /* METTimer.h */,
				BDDBFE01DDDD4C54BE72C523 /* METRetryStrategy.h */,
				AAF05B260C124C15A6981BBA /* METNetworkReachabilityManager.h */,
				E3782615F08643348E724619 /* METRandomValueGenerator.h */,
				390CDED6A7724172933CEDB7 /* GCDWebServer.h */,
				6BDDA928BAA3441EBFE7BBA7 /* GCDWebServerConnection.h */,
				80219391E2DB4226B53C1191 /* GCDWebServerFunctions.h */,
				7ADCBAFF280C4EC6976F4CDD /* GCDWebServerHTTPStatusCodes.h */,
				3B14C161B1924257A837699E /* GCDWebServerPrivate.h */,
				908DD23649BB4B85940A7545 /* GCDWebServerRequest.h */,
				AF3E54D5D425464AA02C0A78 /* GCDWebServerResponse.h */,
				BA03B9801EDA4593B32A0A69 /* GCDWebServerDataRequest.h */,
				3780B230DF284673B46BE052 /* GCDWebServerFileRequest.h */,
				FCD49594C33E4DC3BC788A66 /* GCDWebServerMultiPartFormRequest.h */,
				DA63C341EDD34399B132794D /* GCDWebServerURLEncodedFormRequest.h */,
				CCF7DB36FBF94CACB510EB31 /* GCDWebServerDataResponse.h */,
				C98E4244DF804A33972B8CCB /* GCDWebServerErrorResponse.h */,
				CB21A54FCB1E431F8E77882B /* GCDWebServerFileResponse.h */,
				01958105294E442CB6791C42 /* GCDWebServerStreamedResponse.h */,
				D8E9041F8E7F44928CD8ED93 /* CDVStatusBar.m */,
				A284D6C35E094E1FBF568C71 /* CDVStatusBar.h */,
				9C94F6769A904512B22D57C9 /* CDVSplashScreen.m */,
				D968CAAEB8D24E1A8A05B1FD /* CDVViewController+SplashScreen.m */,
				A384002B119141AB8F3B4A37 /* CDVSplashScreen.h */,
				EDC585B9ED754C7EB87F2180 /* CDVViewController+SplashScreen.h */,
			);
			name = Plugins;
			path = "Brimstone/Plugins";
			sourceTree = SOURCE_ROOT;
		};
		EB87FDF11871DA420020F90C /* Staging */ = {
			isa = PBXGroup;
			children = (
				F840E1F0165FE0F500CFE078 /* config.xml */,
				301BF56E109A69640062928A /* www */,
			);
			name = Staging;
			sourceTree = "<group>";
		};
/* End PBXGroup section */

/* Begin PBXNativeTarget section */
		1D6058900D05DD3D006BFB54 /* Brimstone */ = {
			isa = PBXNativeTarget;
			buildConfigurationList = 1D6058960D05DD3E006BFB54 /* Build configuration list for PBXNativeTarget "Brimstone" */;
			buildPhases = (
				304B58A110DAC018002A0835 /* Copy www directory */,
				1D60588D0D05DD3D006BFB54 /* Resources */,
				1D60588E0D05DD3D006BFB54 /* Sources */,
				1D60588F0D05DD3D006BFB54 /* Frameworks */,
			);
			buildRules = (
			);
			dependencies = (
				301BF551109A68C00062928A /* PBXTargetDependency */,
			);
			name = "Brimstone";
			productName = "Brimstone";
			productReference = 1D6058910D05DD3D006BFB54 /* Brimstone.app */;
			productType = "com.apple.product-type.application";
		};
/* End PBXNativeTarget section */

/* Begin PBXProject section */
		29B97313FDCFA39411CA2CEA /* Project object */ = {
			isa = PBXProject;
			attributes = {
				LastUpgradeCheck = 510;
				LastSwiftUpdateCheck = 0720;
			};
			buildConfigurationList = C01FCF4E08A954540054247B /* Build configuration list for PBXProject "__NON-CLI__" */;
			compatibilityVersion = "Xcode 3.2";
			developmentRegion = English;
			hasScannedForEncodings = 1;
			mainGroup = 29B97314FDCFA39411CA2CEA /* CustomTemplate */;
			projectDirPath = "";
			projectReferences = (
				{
					ProductGroup = 301BF52E109A57CC0062928A /* Products */;
					ProjectRef = 301BF52D109A57CC0062928A /* CordovaLib.xcodeproj */;
				},
			);
			projectRoot = "";
			targets = (
				1D6058900D05DD3D006BFB54 /* Brimstone */,
			);
		};
/* End PBXProject section */

/* Begin PBXReferenceProxy section */
		301BF535109A57CC0062928A /* libCordova.a */ = {
			isa = PBXReferenceProxy;
			fileType = archive.ar;
			path = libCordova.a;
			remoteRef = 301BF534109A57CC0062928A /* PBXContainerItemProxy */;
			sourceTree = BUILT_PRODUCTS_DIR;
		};
/* End PBXReferenceProxy section */

/* Begin PBXResourcesBuildPhase section */
		1D60588D0D05DD3D006BFB54 /* Resources */ = {
			isa = PBXResourcesBuildPhase;
			buildActionMask = 2147483647;
			files = (
				302D95F214D2391D003F00A1 /* MainViewController.xib in Resources */,
				3047A5131AB8059700498E2A /* build-release.xcconfig in Resources */,
				3047A5141AB8059700498E2A /* build.xcconfig in Resources */,
				0207DA581B56EA530066E2B4 /* Images.xcassets in Resources */,
				3047A5121AB8059700498E2A /* build-debug.xcconfig in Resources */,
			);
			runOnlyForDeploymentPostprocessing = 0;
		};
/* End PBXResourcesBuildPhase section */

/* Begin PBXShellScriptBuildPhase section */
		304B58A110DAC018002A0835 /* Copy www directory */ = {
			isa = PBXShellScriptBuildPhase;
			buildActionMask = 2147483647;
			files = (
			);
			inputPaths = (
			);
			name = "Copy www directory";
			outputPaths = (
			);
			runOnlyForDeploymentPostprocessing = 0;
			shellPath = /bin/sh;
			shellScript = "NODEJS_PATH=/usr/local/bin; NVM_NODE_PATH=~/.nvm/versions/node/`nvm version 2>/dev/null`/bin; N_NODE_PATH=`find /usr/local/n/versions/node/* -maxdepth 0 -type d 2>/dev/null | tail -1`/bin; XCODE_NODE_PATH=`xcode-select --print-path`/usr/share/xcs/Node/bin; PATH=$NODEJS_PATH:$NVM_NODE_PATH:$N_NODE_PATH:$XCODE_NODE_PATH:$PATH && node cordova/lib/copy-www-build-step.js";
			showEnvVarsInLog = 0;
		};
/* End PBXShellScriptBuildPhase section */

/* Begin PBXSourcesBuildPhase section */
		1D60588E0D05DD3D006BFB54 /* Sources */ = {
			isa = PBXSourcesBuildPhase;
			buildActionMask = 2147483647;
			files = (
				1D60589B0D05DD56006BFB54 /* main.m in Sources */,
				1D3623260D0F684500981E51 /* AppDelegate.m in Sources */,
				302D95F114D2391D003F00A1 /* MainViewController.m in Sources */,
				4CBF42335CD54C2B908D52B5 /* CDVWKWebViewEngine.m in Sources */,
				5DA173456D314692AE8891E9 /* CDVWKWebViewUIDelegate.m in Sources */,
				E42D10CF2F0349088966F78B /* WebAppLocalServer.swift in Sources */,
				9EC4F621A6504A0DBAE9CE73 /* WebAppConfiguration.swift in Sources */,
				FAEAE4CC3FAA456CA1A7AE8E /* AssetBundleManager.swift in Sources */,
				BBE29FCBD18B43AA92379AD3 /* AssetBundle.swift in Sources */,
				A919E4CA08084676957CE3D4 /* Asset.swift in Sources */,
				23622DB5561E412995F186EC /* AssetBundleDownloader.swift in Sources */,
				E72D8395DAE04EC692D229E3 /* AssetManifest.swift in Sources */,
				D35044B9205340148C3EB155 /* Errors.swift in Sources */,
				E4438C40B9DD46708FABF0E6 /* Utility.swift in Sources */,
				CF57B7484C5047DE98855C21 /* METPlugin.m in Sources */,
				2AD204FBA79C43C8A4AE4761 /* METTimer.m in Sources */,
				06DC13A040A843948450DDB2 /* METRetryStrategy.m in Sources */,
				96D873BCC63243AE810C27A6 /* METNetworkReachabilityManager.m in Sources */,
				309C8B7A6E964758B3AA9C1C /* METRandomValueGenerator.m in Sources */,
				CA43011EFAAC477BACBF151B /* GCDWebServer.m in Sources */,
				5AE62761A4D54827A2A43291 /* GCDWebServerConnection.m in Sources */,
				58FF8E196587445FB33FD7A8 /* GCDWebServerFunctions.m in Sources */,
				1098436A08E54126B866E8AD /* GCDWebServerRequest.m in Sources */,
				831E6AB4569844D7A2D99D24 /* GCDWebServerResponse.m in Sources */,
				5B5CBFEF62254E22BEB38D07 /* GCDWebServerDataRequest.m in Sources */,
				91E8E6F4EB0148D98E98F10D /* GCDWebServerFileRequest.m in Sources */,
				7A4E0FDA6270420C8BD49AA2 /* GCDWebServerMultiPartFormRequest.m in Sources */,
				A4B53FCF028B4EC9BB07E64D /* GCDWebServerURLEncodedFormRequest.m in Sources */,
				877D9041E75B440E958BFF71 /* GCDWebServerDataResponse.m in Sources */,
				02A0BADDB86C4D7EAAA07A51 /* GCDWebServerErrorResponse.m in Sources */,
				9A973DFE2B5447D38D5841AE /* GCDWebServerFileResponse.m in Sources */,
				018739F6BA204124899E4A2A /* GCDWebServerStreamedResponse.m in Sources */,
				1C1F67D2EAC940E5AC2C2AC5 /* CDVStatusBar.m in Sources */,
				602C38A5ADD747069A345A6E /* CDVSplashScreen.m in Sources */,
				C8E5A871008B4EE3B6C6F760 /* CDVViewController+SplashScreen.m in Sources */,
			);
			runOnlyForDeploymentPostprocessing = 0;
		};
/* End PBXSourcesBuildPhase section */

/* Begin PBXTargetDependency section */
		301BF551109A68C00062928A /* PBXTargetDependency */ = {
			isa = PBXTargetDependency;
			name = CordovaLib;
			targetProxy = 301BF550109A68C00062928A /* PBXContainerItemProxy */;
		};
/* End PBXTargetDependency section */

/* Begin XCBuildConfiguration section */
		1D6058940D05DD3E006BFB54 /* Debug */ = {
			isa = XCBuildConfiguration;
			baseConfigurationReference = 3047A50F1AB8059700498E2A /* build-debug.xcconfig */;
			buildSettings = {
				ALWAYS_SEARCH_USER_PATHS = NO;
				ASSETCATALOG_COMPILER_APPICON_NAME = AppIcon;
				ASSETCATALOG_COMPILER_LAUNCHIMAGE_NAME = LaunchImage;
				CLANG_ENABLE_MODULES = YES;
				CLANG_ENABLE_OBJC_ARC = YES;
				COPY_PHASE_STRIP = NO;
				GCC_DYNAMIC_NO_PIC = NO;
				GCC_OPTIMIZATION_LEVEL = 0;
				GCC_PRECOMPILE_PREFIX_HEADER = YES;
				GCC_PREFIX_HEADER = "Brimstone/Brimstone-Prefix.pch";
				GCC_THUMB_SUPPORT = NO;
				GCC_VERSION = "";
				INFOPLIST_FILE = "Brimstone/Brimstone-Info.plist";
				LD_RUNPATH_SEARCH_PATHS = "@executable_path/Frameworks";
				PRODUCT_NAME = "Brimstone";
			};
			name = Debug;
		};
		1D6058950D05DD3E006BFB54 /* Release */ = {
			isa = XCBuildConfiguration;
			baseConfigurationReference = 3047A5101AB8059700498E2A /* build-release.xcconfig */;
			buildSettings = {
				ALWAYS_SEARCH_USER_PATHS = NO;
				ASSETCATALOG_COMPILER_APPICON_NAME = AppIcon;
				ASSETCATALOG_COMPILER_LAUNCHIMAGE_NAME = LaunchImage;
				CLANG_ENABLE_MODULES = YES;
				CLANG_ENABLE_OBJC_ARC = YES;
				COPY_PHASE_STRIP = YES;
				GCC_PRECOMPILE_PREFIX_HEADER = YES;
				GCC_PREFIX_HEADER = "Brimstone/Brimstone-Prefix.pch";
				GCC_THUMB_SUPPORT = NO;
				GCC_VERSION = "";
				INFOPLIST_FILE = "Brimstone/Brimstone-Info.plist";
				PRODUCT_NAME = "Brimstone";
			};
			name = Release;
		};
		C01FCF4F08A954540054247B /* Debug */ = {
			isa = XCBuildConfiguration;
			baseConfigurationReference = 3047A5111AB8059700498E2A /* build.xcconfig */;
			buildSettings = {
				CLANG_ENABLE_MODULES = YES;
				CLANG_ENABLE_OBJC_ARC = YES;
				CLANG_WARN_BOOL_CONVERSION = YES;
				CLANG_WARN_CONSTANT_CONVERSION = YES;
				CLANG_WARN_EMPTY_BODY = YES;
				CLANG_WARN_ENUM_CONVERSION = YES;
				CLANG_WARN_INT_CONVERSION = YES;
				CLANG_WARN__DUPLICATE_METHOD_MATCH = YES;
				GCC_C_LANGUAGE_STANDARD = c99;
				GCC_THUMB_SUPPORT = NO;
				GCC_VERSION = "";
				GCC_WARN_ABOUT_RETURN_TYPE = YES;
				GCC_WARN_UNDECLARED_SELECTOR = YES;
				GCC_WARN_UNINITIALIZED_AUTOS = YES;
				GCC_WARN_UNUSED_FUNCTION = YES;
				GCC_WARN_UNUSED_VARIABLE = YES;
				ONLY_ACTIVE_ARCH = YES;
				SDKROOT = iphoneos;
				SKIP_INSTALL = NO;
			};
			name = Debug;
		};
		C01FCF5008A954540054247B /* Release */ = {
			isa = XCBuildConfiguration;
			baseConfigurationReference = 3047A5111AB8059700498E2A /* build.xcconfig */;
			buildSettings = {
				CLANG_ENABLE_MODULES = YES;
				CLANG_ENABLE_OBJC_ARC = YES;
				CLANG_WARN_BOOL_CONVERSION = YES;
				CLANG_WARN_CONSTANT_CONVERSION = YES;
				CLANG_WARN_EMPTY_BODY = YES;
				CLANG_WARN_ENUM_CONVERSION = YES;
				CLANG_WARN_INT_CONVERSION = YES;
				CLANG_WARN__DUPLICATE_METHOD_MATCH = YES;
				GCC_C_LANGUAGE_STANDARD = c99;
				GCC_THUMB_SUPPORT = NO;
				GCC_VERSION = "";
				GCC_WARN_ABOUT_RETURN_TYPE = YES;
				GCC_WARN_UNDECLARED_SELECTOR = YES;
				GCC_WARN_UNINITIALIZED_AUTOS = YES;
				GCC_WARN_UNUSED_FUNCTION = YES;
				GCC_WARN_UNUSED_VARIABLE = YES;
				SDKROOT = iphoneos;
				SKIP_INSTALL = NO;
			};
			name = Release;
		};
/* End XCBuildConfiguration section */

/* Begin XCConfigurationList section */
		1D6058960D05DD3E006BFB54 /* Build configuration list for PBXNativeTarget "Brimstone" */ = {
			isa = XCConfigurationList;
			buildConfigurations = (
				1D6058940D05DD3E006BFB54 /* Debug */,
				1D6058950D05DD3E006BFB54 /* Release */,
			);
			defaultConfigurationIsVisible = 0;
			defaultConfigurationName = Release;
		};
		C01FCF4E08A954540054247B /* Build configuration list for PBXProject "__NON-CLI__" */ = {
			isa = XCConfigurationList;
			buildConfigurations = (
				C01FCF4F08A954540054247B /* Debug */,
				C01FCF5008A954540054247B /* Release */,
			);
			defaultConfigurationIsVisible = 0;
			defaultConfigurationName = Release;
		};
/* End XCConfigurationList section */
	};
	rootObject = 29B97313FDCFA39411CA2CEA /* Project object */;
}
